
Microsoft Visual Studio Solution File, Format Version 12.00
Project("{FAE04EC0-301F-11D3-BF4B-00C04F79EFBC}") = "Traincrew_MultiATS_Server", "Traincrew_MultiATS_Server\Traincrew_MultiATS_Server.csproj", "{91BC7843-679B-405C-AE11-2E71119201D4}"
EndProject
Project("{FAE04EC0-301F-11D3-BF4B-00C04F79EFBC}") = "Traincrew_MultiATS_Server.UT", "Traincrew_MultiATS_Server.UT\Traincrew_MultiATS_Server.UT.csproj", "{1389B207-2E96-4619-8946-E78B0DB1E9CE}"
EndProject
Project("{FAE04EC0-301F-11D3-BF4B-00C04F79EFBC}") = "Traincrew_MultiATS_Server.IT", "Traincrew_MultiATS_Server.IT\Traincrew_MultiATS_Server.IT.csproj", "{6F518C65-9998-4DF6-A64D-076E0E38EA41}"
EndProject
Project("{FAE04EC0-301F-11D3-BF4B-00C04F79EFBC}") = "Traincrew_MultiATS_Server.Common", "Traincrew_MultiATS_Server.Common\Traincrew_MultiATS_Server.Common.csproj", "{C99CDCDB-A389-4DE8-B9E1-A394AD0B9979}"
EndProject
Project("{FAE04EC0-301F-11D3-BF4B-00C04F79EFBC}") = "Traincrew_MultiATS_Server.Passenger", "Traincrew_MultiATS_Server.Passenger\Traincrew_MultiATS_Server.Passenger.csproj", "{6D831B98-D0F8-45F3-A788-1871A6BCB72E}"
EndProject
Project("{FAE04EC0-301F-11D3-BF4B-00C04F79EFBC}") = "Traincrew_MultiATS_Server.Crew", "Traincrew_MultiATS_Server.Crew\Traincrew_MultiATS_Server.Crew.csproj", "{10A83BAF-6BF5-4DDF-A8A6-D14B87C63008}"
EndProject
Project("{2150E333-8FDC-42A3-9474-1A3956D46DE8}") = "Docs", "Docs", "{8A7F9D7B-E5C0-4F3A-B8D1-5E2C3D4A6B9F}"
	ProjectSection(SolutionItems) = preProject
		Docs\01_環境構築ガイド.md = Docs\01_環境構築ガイド.md
		Docs\02_Hub実装チュートリアル.md = Docs\02_Hub実装チュートリアル.md
		Docs\03_コーディング規約.md = Docs\03_コーディング規約.md
		Docs\04_アーキテクチャ設計.md = Docs\04_アーキテクチャ設計.md
		Docs\05_テスト戦略.md = Docs\05_テスト戦略.md
		Docs\連動試験IT開発計画.md = Docs\連動試験IT開発計画.md
	EndProjectSection
EndProject
Global
	GlobalSection(SolutionConfigurationPlatforms) = preSolution
		Debug|Any CPU = Debug|Any CPU
		Release|Any CPU = Release|Any CPU
	EndGlobalSection
	GlobalSection(ProjectConfigurationPlatforms) = postSolution
		{91BC7843-679B-405C-AE11-2E71119201D4}.Debug|Any CPU.ActiveCfg = Debug|Any CPU
		{91BC7843-679B-405C-AE11-2E71119201D4}.Debug|Any CPU.Build.0 = Debug|Any CPU
		{91BC7843-679B-405C-AE11-2E71119201D4}.Release|Any CPU.ActiveCfg = Release|Any CPU
		{91BC7843-679B-405C-AE11-2E71119201D4}.Release|Any CPU.Build.0 = Release|Any CPU
		{1389B207-2E96-4619-8946-E78B0DB1E9CE}.Debug|Any CPU.ActiveCfg = Debug|Any CPU
		{1389B207-2E96-4619-8946-E78B0DB1E9CE}.Debug|Any CPU.Build.0 = Debug|Any CPU
		{1389B207-2E96-4619-8946-E78B0DB1E9CE}.Release|Any CPU.ActiveCfg = Release|Any CPU
		{1389B207-2E96-4619-8946-E78B0DB1E9CE}.Release|Any CPU.Build.0 = Release|Any CPU
		{6F518C65-9998-4DF6-A64D-076E0E38EA41}.Debug|Any CPU.ActiveCfg = Debug|Any CPU
		{6F518C65-9998-4DF6-A64D-076E0E38EA41}.Debug|Any CPU.Build.0 = Debug|Any CPU
		{6F518C65-9998-4DF6-A64D-076E0E38EA41}.Release|Any CPU.ActiveCfg = Release|Any CPU
		{6F518C65-9998-4DF6-A64D-076E0E38EA41}.Release|Any CPU.Build.0 = Release|Any CPU
		{C99CDCDB-A389-4DE8-B9E1-A394AD0B9979}.Debug|Any CPU.ActiveCfg = Debug|Any CPU
		{C99CDCDB-A389-4DE8-B9E1-A394AD0B9979}.Debug|Any CPU.Build.0 = Debug|Any CPU
		{C99CDCDB-A389-4DE8-B9E1-A394AD0B9979}.Release|Any CPU.ActiveCfg = Release|Any CPU
		{C99CDCDB-A389-4DE8-B9E1-A394AD0B9979}.Release|Any CPU.Build.0 = Release|Any CPU
		{6D831B98-D0F8-45F3-A788-1871A6BCB72E}.Debug|Any CPU.ActiveCfg = Debug|Any CPU
		{6D831B98-D0F8-45F3-A788-1871A6BCB72E}.Debug|Any CPU.Build.0 = Debug|Any CPU
		{6D831B98-D0F8-45F3-A788-1871A6BCB72E}.Release|Any CPU.ActiveCfg = Release|Any CPU
		{6D831B98-D0F8-45F3-A788-1871A6BCB72E}.Release|Any CPU.Build.0 = Release|Any CPU
		{10A83BAF-6BF5-4DDF-A8A6-D14B87C63008}.Debug|Any CPU.ActiveCfg = Debug|Any CPU
		{10A83BAF-6BF5-4DDF-A8A6-D14B87C63008}.Debug|Any CPU.Build.0 = Debug|Any CPU
		{10A83BAF-6BF5-4DDF-A8A6-D14B87C63008}.Release|Any CPU.ActiveCfg = Release|Any CPU
		{10A83BAF-6BF5-4DDF-A8A6-D14B87C63008}.Release|Any CPU.Build.0 = Release|Any CPU
	EndGlobalSection
EndGlobal
