
Microsoft Visual Studio Solution File, Format Version 12.00
Project("{FAE04EC0-301F-11D3-BF4B-00C04F79EFBC}") = "Traincrew_MultiATS_Server", "Traincrew_MultiATS_Server\Traincrew_MultiATS_Server.csproj", "{91BC7843-679B-405C-AE11-2E71119201D4}"
EndProject
Project("{FAE04EC0-301F-11D3-BF4B-00C04F79EFBC}") = "Traincrew_MultiATS_Server.UT", "Traincrew_MultiATS_Server.UT\Traincrew_MultiATS_Server.UT.csproj", "{1389B207-2E96-4619-8946-E78B0DB1E9CE}"
EndProject
Project("{FAE04EC0-301F-11D3-BF4B-00C04F79EFBC}") = "Traincrew_MultiATS_Server.Common", "Traincrew_MultiATS_Server.Common\Traincrew_MultiATS_Server.Common.csproj", "{C99CDCDB-A389-4DE8-B9E1-A394AD0B9979}"
EndProject
Global
	GlobalSection(SolutionConfigurationPlatforms) = preSolution
		Debug|Any CPU = Debug|Any CPU
		Release|Any CPU = Release|Any CPU
	EndGlobalSection
	GlobalSection(ProjectConfigurationPlatforms) = postSolution
		{91BC7843-679B-405C-AE11-2E71119201D4}.Debug|Any CPU.ActiveCfg = Debug|Any CPU
		{91BC7843-679B-405C-AE11-2E71119201D4}.Debug|Any CPU.Build.0 = Debug|Any CPU
		{91BC7843-679B-405C-AE11-2E71119201D4}.Release|Any CPU.ActiveCfg = Release|Any CPU
		{91BC7843-679B-405C-AE11-2E71119201D4}.Release|Any CPU.Build.0 = Release|Any CPU
		{1389B207-2E96-4619-8946-E78B0DB1E9CE}.Debug|Any CPU.ActiveCfg = Debug|Any CPU
		{1389B207-2E96-4619-8946-E78B0DB1E9CE}.Debug|Any CPU.Build.0 = Debug|Any CPU
		{1389B207-2E96-4619-8946-E78B0DB1E9CE}.Release|Any CPU.ActiveCfg = Release|Any CPU
		{1389B207-2E96-4619-8946-E78B0DB1E9CE}.Release|Any CPU.Build.0 = Release|Any CPU
		{C99CDCDB-A389-4DE8-B9E1-A394AD0B9979}.Debug|Any CPU.ActiveCfg = Debug|Any CPU
		{C99CDCDB-A389-4DE8-B9E1-A394AD0B9979}.Debug|Any CPU.Build.0 = Debug|Any CPU
		{C99CDCDB-A389-4DE8-B9E1-A394AD0B9979}.Release|Any CPU.ActiveCfg = Release|Any CPU
		{C99CDCDB-A389-4DE8-B9E1-A394AD0B9979}.Release|Any CPU.Build.0 = Release|Any CPU
	EndGlobalSection
EndGlobal
